
Microsoft Visual Studio Solution File, Format Version 12.00
# Visual Studio Version 17
VisualStudioVersion = 17.9.34607.119
MinimumVisualStudioVersion = 10.0.40219.1
Project("{FAE04EC0-301F-11D3-BF4B-00C04F79EFBC}") = "CarSaloonCLI", "CarSaloonCLI.csproj", "{1A35F15C-C3CE-41FB-A390-328474C6833F}"
EndProject
Global
	GlobalSection(SolutionConfigurationPlatforms) = preSolution
		Debug|Any CPU = Debug|Any CPU
		Release|Any CPU = Release|Any CPU
	EndGlobalSection
	GlobalSection(ProjectConfigurationPlatforms) = postSolution
		{1A35F15C-C3CE-41FB-A390-328474C6833F}.Debug|Any CPU.ActiveCfg = Debug|Any CPU
		{1A35F15C-C3CE-41FB-A390-328474C6833F}.Debug|Any CPU.Build.0 = Debug|Any CPU
		{1A35F15C-C3CE-41FB-A390-328474C6833F}.Release|Any CPU.ActiveCfg = Release|Any CPU
		{1A35F15C-C3CE-41FB-A390-328474C6833F}.Release|Any CPU.Build.0 = Release|Any CPU
	EndGlobalSection
	GlobalSection(SolutionProperties) = preSolution
		HideSolutionNode = FALSE
	EndGlobalSection
	GlobalSection(ExtensibilityGlobals) = postSolution
		SolutionGuid = {BD0DC786-6B81-4980-A0C6-10CE263645DE}
	EndGlobalSection
EndGlobal
